
Microsoft Visual Studio Solution File, Format Version 12.00
# Visual Studio Version 17
VisualStudioVersion = 17.14.36408.4 d17.14
MinimumVisualStudioVersion = 10.0.40219.1
Project("{FAE04EC0-301F-11D3-BF4B-00C04F79EFBC}") = "CF_Lab_4", "CF_Lab_4\CF_Lab_4.csproj", "{71CD283F-B344-42A9-8B0E-3675A7340BC7}"
EndProject
Global
	GlobalSection(SolutionConfigurationPlatforms) = preSolution
		Debug|Any CPU = Debug|Any CPU
		Release|Any CPU = Release|Any CPU
	EndGlobalSection
	GlobalSection(ProjectConfigurationPlatforms) = postSolution
		{71CD283F-B344-42A9-8B0E-3675A7340BC7}.Debug|Any CPU.ActiveCfg = Debug|Any CPU
		{71CD283F-B344-42A9-8B0E-3675A7340BC7}.Debug|Any CPU.Build.0 = Debug|Any CPU
		{71CD283F-B344-42A9-8B0E-3675A7340BC7}.Release|Any CPU.ActiveCfg = Release|Any CPU
		{71CD283F-B344-42A9-8B0E-3675A7340BC7}.Release|Any CPU.Build.0 = Release|Any CPU
	EndGlobalSection
	GlobalSection(SolutionProperties) = preSolution
		HideSolutionNode = FALSE
	EndGlobalSection
	GlobalSection(ExtensibilityGlobals) = postSolution
		SolutionGuid = {0FBDD140-AC3A-4527-9B51-07EEE24BC24B}
	EndGlobalSection
EndGlobal
